
Microsoft Visual Studio Solution File, Format Version 11.00
# Visual Studio 2010
Project("{FAE04EC0-301F-11D3-BF4B-00C04F79EFBC}") = "ActualizadorDePeriodos3", "ActualizadorDePeriodos3.csproj", "{D26E725D-501B-4824-B632-CEC123CB194C}"
EndProject
Project("{54435603-DBB4-11D2-8724-00A0C9A8B90C}") = "Instalador Actualizador", "..\Instalador Actualizador\Instalador Actualizador.vdproj", "{624B3913-20A8-4319-91FC-2C2B2BB46155}"
EndProject
Global
	GlobalSection(SolutionConfigurationPlatforms) = preSolution
		Debug|x86 = Debug|x86
		Release|x86 = Release|x86
	EndGlobalSection
	GlobalSection(ProjectConfigurationPlatforms) = postSolution
		{D26E725D-501B-4824-B632-CEC123CB194C}.Debug|x86.ActiveCfg = Debug|x86
		{D26E725D-501B-4824-B632-CEC123CB194C}.Debug|x86.Build.0 = Debug|x86
		{D26E725D-501B-4824-B632-CEC123CB194C}.Release|x86.ActiveCfg = Release|x86
		{D26E725D-501B-4824-B632-CEC123CB194C}.Release|x86.Build.0 = Release|x86
		{624B3913-20A8-4319-91FC-2C2B2BB46155}.Debug|x86.ActiveCfg = Debug
		{624B3913-20A8-4319-91FC-2C2B2BB46155}.Release|x86.ActiveCfg = Release
	EndGlobalSection
	GlobalSection(SolutionProperties) = preSolution
		HideSolutionNode = FALSE
	EndGlobalSection
EndGlobal
